
Microsoft Visual Studio Solution File, Format Version 12.00
# Visual Studio Version 16
VisualStudioVersion = 16.0.28922.388
MinimumVisualStudioVersion = 10.0.40219.1
Project("{9A19103F-16F7-4668-BE54-9A1E7A4F7556}") = "CleanArchitect.Service", "src\CleanArchitect.Service\CleanArchitect.Service.csproj", "{E6360AA8-4D95-40E1-B0CB-8657F5902CE6}"
EndProject
Project("{9A19103F-16F7-4668-BE54-9A1E7A4F7556}") = "CleanArchitect.Service.UnitTests", "src\CleanArchitect.Service.UnitTests\CleanArchitect.Service.UnitTests.csproj", "{DF38C844-063A-40F8-B31E-11C74B11CCCB}"
EndProject
Project("{2150E333-8FDC-42A3-9474-1A3956D46DE8}") = "Solution Items", "Solution Items", "{6FB22A94-F2A1-4F81-8B6C-3FCC0BABF069}"
	ProjectSection(SolutionItems) = preProject
		azure-pipelines.yml = azure-pipelines.yml
	EndProjectSection
EndProject
Global
	GlobalSection(SolutionConfigurationPlatforms) = preSolution
		Debug|Any CPU = Debug|Any CPU
		Release|Any CPU = Release|Any CPU
	EndGlobalSection
	GlobalSection(ProjectConfigurationPlatforms) = postSolution
		{E6360AA8-4D95-40E1-B0CB-8657F5902CE6}.Debug|Any CPU.ActiveCfg = Debug|Any CPU
		{E6360AA8-4D95-40E1-B0CB-8657F5902CE6}.Debug|Any CPU.Build.0 = Debug|Any CPU
		{E6360AA8-4D95-40E1-B0CB-8657F5902CE6}.Release|Any CPU.ActiveCfg = Release|Any CPU
		{E6360AA8-4D95-40E1-B0CB-8657F5902CE6}.Release|Any CPU.Build.0 = Release|Any CPU
		{DF38C844-063A-40F8-B31E-11C74B11CCCB}.Debug|Any CPU.ActiveCfg = Debug|Any CPU
		{DF38C844-063A-40F8-B31E-11C74B11CCCB}.Debug|Any CPU.Build.0 = Debug|Any CPU
		{DF38C844-063A-40F8-B31E-11C74B11CCCB}.Release|Any CPU.ActiveCfg = Release|Any CPU
		{DF38C844-063A-40F8-B31E-11C74B11CCCB}.Release|Any CPU.Build.0 = Release|Any CPU
	EndGlobalSection
	GlobalSection(SolutionProperties) = preSolution
		HideSolutionNode = FALSE
	EndGlobalSection
	GlobalSection(ExtensibilityGlobals) = postSolution
		SolutionGuid = {EA30A11A-FC7E-4E88-94E4-741C09EB3774}
	EndGlobalSection
EndGlobal
